
Microsoft Visual Studio Solution File, Format Version 12.00
# Visual Studio Version 17
VisualStudioVersion = 17.2.32616.157
MinimumVisualStudioVersion = 10.0.40219.1
Project("{FAE04EC0-301F-11D3-BF4B-00C04F79EFBC}") = "PE_MB Tester", "PE_MB Tester\PE_MB Tester.csproj", "{48378489-D306-4366-8E83-1DAF2F732602}"
EndProject
Global
	GlobalSection(SolutionConfigurationPlatforms) = preSolution
		Debug|Any CPU = Debug|Any CPU
		Release|Any CPU = Release|Any CPU
	EndGlobalSection
	GlobalSection(ProjectConfigurationPlatforms) = postSolution
		{48378489-D306-4366-8E83-1DAF2F732602}.Debug|Any CPU.ActiveCfg = Debug|Any CPU
		{48378489-D306-4366-8E83-1DAF2F732602}.Debug|Any CPU.Build.0 = Debug|Any CPU
		{48378489-D306-4366-8E83-1DAF2F732602}.Release|Any CPU.ActiveCfg = Release|Any CPU
		{48378489-D306-4366-8E83-1DAF2F732602}.Release|Any CPU.Build.0 = Release|Any CPU
	EndGlobalSection
	GlobalSection(SolutionProperties) = preSolution
		HideSolutionNode = FALSE
	EndGlobalSection
	GlobalSection(ExtensibilityGlobals) = postSolution
		SolutionGuid = {EF510B95-0312-4E0E-8844-37950FA7ADA3}
	EndGlobalSection
EndGlobal
